
Microsoft Visual Studio Solution File, Format Version 12.00
# Visual Studio Version 16
VisualStudioVersion = 16.0.29709.97
MinimumVisualStudioVersion = 10.0.40219.1
Project("{9A19103F-16F7-4668-BE54-9A1E7A4F7556}") = "FileRegisterer", "FileRegisterer.csproj", "{CFB49543-6667-47A4-A2D4-3BBBDDCBB996}"
EndProject
Global
	GlobalSection(SolutionConfigurationPlatforms) = preSolution
		Debug|Any CPU = Debug|Any CPU
		Debug|x64 = Debug|x64
		FAT|Any CPU = FAT|Any CPU
		FAT|x64 = FAT|x64
		Release|Any CPU = Release|Any CPU
		Release|x64 = Release|x64
	EndGlobalSection
	GlobalSection(ProjectConfigurationPlatforms) = postSolution
		{CFB49543-6667-47A4-A2D4-3BBBDDCBB996}.Debug|Any CPU.ActiveCfg = Debug|Any CPU
		{CFB49543-6667-47A4-A2D4-3BBBDDCBB996}.Debug|Any CPU.Build.0 = Debug|Any CPU
		{CFB49543-6667-47A4-A2D4-3BBBDDCBB996}.Debug|x64.ActiveCfg = Debug|x64
		{CFB49543-6667-47A4-A2D4-3BBBDDCBB996}.Debug|x64.Build.0 = Debug|x64
		{CFB49543-6667-47A4-A2D4-3BBBDDCBB996}.FAT|Any CPU.ActiveCfg = FAT|Any CPU
		{CFB49543-6667-47A4-A2D4-3BBBDDCBB996}.FAT|Any CPU.Build.0 = FAT|Any CPU
		{CFB49543-6667-47A4-A2D4-3BBBDDCBB996}.FAT|x64.ActiveCfg = FAT|x64
		{CFB49543-6667-47A4-A2D4-3BBBDDCBB996}.FAT|x64.Build.0 = FAT|x64
		{CFB49543-6667-47A4-A2D4-3BBBDDCBB996}.Release|Any CPU.ActiveCfg = Release|Any CPU
		{CFB49543-6667-47A4-A2D4-3BBBDDCBB996}.Release|Any CPU.Build.0 = Release|Any CPU
		{CFB49543-6667-47A4-A2D4-3BBBDDCBB996}.Release|x64.ActiveCfg = Release|x64
		{CFB49543-6667-47A4-A2D4-3BBBDDCBB996}.Release|x64.Build.0 = Release|x64
	EndGlobalSection
	GlobalSection(SolutionProperties) = preSolution
		HideSolutionNode = FALSE
	EndGlobalSection
	GlobalSection(ExtensibilityGlobals) = postSolution
		SolutionGuid = {77EA64B8-FD19-4505-A991-B698EC9ABA81}
	EndGlobalSection
EndGlobal
